
Microsoft Visual Studio Solution File, Format Version 12.00
# Visual Studio 15
VisualStudioVersion = 15.0.28307.572
MinimumVisualStudioVersion = 10.0.40219.1
Project("{FAE04EC0-301F-11D3-BF4B-00C04F79EFBC}") = "DoAnCuoiKi", "DoAnCuoiKi.csproj", "{21CF5DD0-B769-4B03-84E8-D82CD0237AFB}"
EndProject
Global
	GlobalSection(SolutionConfigurationPlatforms) = preSolution
		Debug|Any CPU = Debug|Any CPU
		Release|Any CPU = Release|Any CPU
	EndGlobalSection
	GlobalSection(ProjectConfigurationPlatforms) = postSolution
		{21CF5DD0-B769-4B03-84E8-D82CD0237AFB}.Debug|Any CPU.ActiveCfg = Debug|Any CPU
		{21CF5DD0-B769-4B03-84E8-D82CD0237AFB}.Debug|Any CPU.Build.0 = Debug|Any CPU
		{21CF5DD0-B769-4B03-84E8-D82CD0237AFB}.Release|Any CPU.ActiveCfg = Release|Any CPU
		{21CF5DD0-B769-4B03-84E8-D82CD0237AFB}.Release|Any CPU.Build.0 = Release|Any CPU
	EndGlobalSection
	GlobalSection(SolutionProperties) = preSolution
		HideSolutionNode = FALSE
	EndGlobalSection
	GlobalSection(ExtensibilityGlobals) = postSolution
		SolutionGuid = {7A8E53F0-9815-4277-B798-00E34A143C9B}
	EndGlobalSection
EndGlobal
